
Microsoft Visual Studio Solution File, Format Version 12.00
# Visual Studio Version 17
VisualStudioVersion = 17.2.32616.157
MinimumVisualStudioVersion = 10.0.40219.1
Project("{FAE04EC0-301F-11D3-BF4B-00C04F79EFBC}") = "API_MOVIE", "API_MOVIE\API_MOVIE.csproj", "{7EED99FD-0C14-462A-833E-7DBDAB1FEBBD}"
EndProject
Global
	GlobalSection(SolutionConfigurationPlatforms) = preSolution
		Debug|Any CPU = Debug|Any CPU
		Release|Any CPU = Release|Any CPU
	EndGlobalSection
	GlobalSection(ProjectConfigurationPlatforms) = postSolution
		{7EED99FD-0C14-462A-833E-7DBDAB1FEBBD}.Debug|Any CPU.ActiveCfg = Debug|Any CPU
		{7EED99FD-0C14-462A-833E-7DBDAB1FEBBD}.Debug|Any CPU.Build.0 = Debug|Any CPU
		{7EED99FD-0C14-462A-833E-7DBDAB1FEBBD}.Release|Any CPU.ActiveCfg = Release|Any CPU
		{7EED99FD-0C14-462A-833E-7DBDAB1FEBBD}.Release|Any CPU.Build.0 = Release|Any CPU
	EndGlobalSection
	GlobalSection(SolutionProperties) = preSolution
		HideSolutionNode = FALSE
	EndGlobalSection
	GlobalSection(ExtensibilityGlobals) = postSolution
		SolutionGuid = {8B292A44-1BFD-44DD-B440-608E9A52C65B}
	EndGlobalSection
EndGlobal
